
Microsoft Visual Studio Solution File, Format Version 12.00
# Visual Studio Version 17
VisualStudioVersion = 17.9.34607.119
MinimumVisualStudioVersion = 10.0.40219.1
Project("{FAE04EC0-301F-11D3-BF4B-00C04F79EFBC}") = "Blazor8Server20240807", "Blazor8Server20240807\Blazor8Server20240807.csproj", "{512865C3-FD7B-46A0-B9C0-66029FFA383D}"
EndProject
Global
	GlobalSection(SolutionConfigurationPlatforms) = preSolution
		Debug|Any CPU = Debug|Any CPU
		Release|Any CPU = Release|Any CPU
	EndGlobalSection
	GlobalSection(ProjectConfigurationPlatforms) = postSolution
		{512865C3-FD7B-46A0-B9C0-66029FFA383D}.Debug|Any CPU.ActiveCfg = Debug|Any CPU
		{512865C3-FD7B-46A0-B9C0-66029FFA383D}.Debug|Any CPU.Build.0 = Debug|Any CPU
		{512865C3-FD7B-46A0-B9C0-66029FFA383D}.Release|Any CPU.ActiveCfg = Release|Any CPU
		{512865C3-FD7B-46A0-B9C0-66029FFA383D}.Release|Any CPU.Build.0 = Release|Any CPU
	EndGlobalSection
	GlobalSection(SolutionProperties) = preSolution
		HideSolutionNode = FALSE
	EndGlobalSection
	GlobalSection(ExtensibilityGlobals) = postSolution
		SolutionGuid = {3F89A89A-BE4E-4F90-A7EE-C708A67A2F48}
	EndGlobalSection
EndGlobal
